// !$*UTF8*$!
{
	archiveVersion = 1;
	classes = {
	};
	objectVersion = 46;
	objects = {

/* Begin PBXBuildFile section */
		3253446E183936F70031E1C1 /* Foundation.framework in Frameworks */ = {isa = PBXBuildFile; fileRef = 3253446D183936F70031E1C1 /* Foundation.framework */; };
		32534470183936F70031E1C1 /* CoreGraphics.framework in Frameworks */ = {isa = PBXBuildFile; fileRef = 3253446F183936F70031E1C1 /* CoreGraphics.framework */; };
		32534472183936F80031E1C1 /* UIKit.framework in Frameworks */ = {isa = PBXBuildFile; fileRef = 32534471183936F80031E1C1 /* UIKit.framework */; };
		32534478183936F80031E1C1 /* InfoPlist.strings in Resources */ = {isa = PBXBuildFile; fileRef = 32534476183936F80031E1C1 /* InfoPlist.strings */; };
		3253447A183936F80031E1C1 /* main.m in Sources */ = {isa = PBXBuildFile; fileRef = 32534479183936F80031E1C1 /* main.m */; };
		3253447E183936F80031E1C1 /* MMAppDelegate.m in Sources */ = {isa = PBXBuildFile; fileRef = 3253447D183936F80031E1C1 /* MMAppDelegate.m */; };
		32534481183936F80031E1C1 /* Main.storyboard in Resources */ = {isa = PBXBuildFile; fileRef = 3253447F183936F80031E1C1 /* Main.storyboard */; };
		32534484183936F80031E1C1 /* MMFirstViewController.m in Sources */ = {isa = PBXBuildFile; fileRef = 32534483183936F80031E1C1 /* MMFirstViewController.m */; };
		32534487183936F80031E1C1 /* MMSecondViewController.m in Sources */ = {isa = PBXBuildFile; fileRef = 32534486183936F80031E1C1 /* MMSecondViewController.m */; };
		32534489183936F80031E1C1 /* Images.xcassets in Resources */ = {isa = PBXBuildFile; fileRef = 32534488183936F80031E1C1 /* Images.xcassets */; };
		32534490183936F80031E1C1 /* XCTest.framework in Frameworks */ = {isa = PBXBuildFile; fileRef = 3253448F183936F80031E1C1 /* XCTest.framework */; };
		32534491183936F80031E1C1 /* Foundation.framework in Frameworks */ = {isa = PBXBuildFile; fileRef = 3253446D183936F70031E1C1 /* Foundation.framework */; };
		32534492183936F80031E1C1 /* UIKit.framework in Frameworks */ = {isa = PBXBuildFile; fileRef = 32534471183936F80031E1C1 /* UIKit.framework */; };
		3253449A183936F80031E1C1 /* InfoPlist.strings in Resources */ = {isa = PBXBuildFile; fileRef = 32534498183936F80031E1C1 /* InfoPlist.strings */; };
		3253449C183936F80031E1C1 /* MobileMessagesTests.m in Sources */ = {isa = PBXBuildFile; fileRef = 3253449B183936F80031E1C1 /* MobileMessagesTests.m */; };
/* End PBXBuildFile section */

/* Begin PBXContainerItemProxy section */
		32534493183936F80031E1C1 /* PBXContainerItemProxy */ = {
			isa = PBXContainerItemProxy;
			containerPortal = 32534462183936F70031E1C1 /* Project object */;
			proxyType = 1;
			remoteGlobalIDString = 32534469183936F70031E1C1;
			remoteInfo = MobileMessages;
		};
/* End PBXContainerItemProxy section */

/* Begin PBXFileReference section */
		3253446A183936F70031E1C1 /* MobileMessages.app */ = {isa = PBXFileReference; explicitFileType = wrapper.application; includeInIndex = 0; path = MobileMessages.app; sourceTree = BUILT_PRODUCTS_DIR; };
		3253446D183936F70031E1C1 /* Foundation.framework */ = {isa = PBXFileReference; lastKnownFileType = wrapper.framework; name = Foundation.framework; path = System/Library/Frameworks/Foundation.framework; sourceTree = SDKROOT; };
		3253446F183936F70031E1C1 /* CoreGraphics.framework */ = {isa = PBXFileReference; lastKnownFileType = wrapper.framework; name = CoreGraphics.framework; path = System/Library/Frameworks/CoreGraphics.framework; sourceTree = SDKROOT; };
		32534471183936F80031E1C1 /* UIKit.framework */ = {isa = PBXFileReference; lastKnownFileType = wrapper.framework; name = UIKit.framework; path = System/Library/Frameworks/UIKit.framework; sourceTree = SDKROOT; };
		32534475183936F80031E1C1 /* MobileMessages-Info.plist */ = {isa = PBXFileReference; lastKnownFileType = text.plist.xml; path = "MobileMessages-Info.plist"; sourceTree = "<group>"; };
		32534477183936F80031E1C1 /* en */ = {isa = PBXFileReference; lastKnownFileType = text.plist.strings; name = en; path = en.lproj/InfoPlist.strings; sourceTree = "<group>"; };
		32534479183936F80031E1C1 /* main.m */ = {isa = PBXFileReference; lastKnownFileType = sourcecode.c.objc; path = main.m; sourceTree = "<group>"; };
		3253447B183936F80031E1C1 /* MobileMessages-Prefix.pch */ = {isa = PBXFileReference; lastKnownFileType = sourcecode.c.h; path = "MobileMessages-Prefix.pch"; sourceTree = "<group>"; };
		3253447C183936F80031E1C1 /* MMAppDelegate.h */ = {isa = PBXFileReference; lastKnownFileType = sourcecode.c.h; path = MMAppDelegate.h; sourceTree = "<group>"; };
		3253447D183936F80031E1C1 /* MMAppDelegate.m */ = {isa = PBXFileReference; lastKnownFileType = sourcecode.c.objc; path = MMAppDelegate.m; sourceTree = "<group>"; };
		32534480183936F80031E1C1 /* Base */ = {isa = PBXFileReference; lastKnownFileType = file.storyboard; name = Base; path = Base.lproj/Main.storyboard; sourceTree = "<group>"; };
		32534482183936F80031E1C1 /* MMFirstViewController.h */ = {isa = PBXFileReference; lastKnownFileType = sourcecode.c.h; path = MMFirstViewController.h; sourceTree = "<group>"; };
		32534483183936F80031E1C1 /* MMFirstViewController.m */ = {isa = PBXFileReference; lastKnownFileType = sourcecode.c.objc; path = MMFirstViewController.m; sourceTree = "<group>"; };
		32534485183936F80031E1C1 /* MMSecondViewController.h */ = {isa = PBXFileReference; lastKnownFileType = sourcecode.c.h; path = MMSecondViewController.h; sourceTree = "<group>"; };
		32534486183936F80031E1C1 /* MMSecondViewController.m */ = {isa = PBXFileReference; lastKnownFileType = sourcecode.c.objc; path = MMSecondViewController.m; sourceTree = "<group>"; };
		32534488183936F80031E1C1 /* Images.xcassets */ = {isa = PBXFileReference; lastKnownFileType = folder.assetcatalog; path = Images.xcassets; sourceTree = "<group>"; };
		3253448E183936F80031E1C1 /* MobileMessagesTests.xctest */ = {isa = PBXFileReference; explicitFileType = wrapper.cfbundle; includeInIndex = 0; path = MobileMessagesTests.xctest; sourceTree = BUILT_PRODUCTS_DIR; };
		3253448F183936F80031E1C1 /* XCTest.framework */ = {isa = PBXFileReference; lastKnownFileType = wrapper.framework; name = XCTest.framework; path = Library/Frameworks/XCTest.framework; sourceTree = DEVELOPER_DIR; };
		32534497183936F80031E1C1 /* MobileMessagesTests-Info.plist */ = {isa = PBXFileReference; lastKnownFileType = text.plist.xml; path = "MobileMessagesTests-Info.plist"; sourceTree = "<group>"; };
		32534499183936F80031E1C1 /* en */ = {isa = PBXFileReference; lastKnownFileType = text.plist.strings; name = en; path = en.lproj/InfoPlist.strings; sourceTree = "<group>"; };
		3253449B183936F80031E1C1 /* MobileMessagesTests.m */ = {isa = PBXFileReference; lastKnownFileType = sourcecode.c.objc; path = MobileMessagesTests.m; sourceTree = "<group>"; };
/* End PBXFileReference section */

/* Begin PBXFrameworksBuildPhase section */
		32534467183936F70031E1C1 /* Frameworks */ = {
			isa = PBXFrameworksBuildPhase;
			buildActionMask = 2147483647;
			files = (
				32534470183936F70031E1C1 /* CoreGraphics.framework in Frameworks */,
				32534472183936F80031E1C1 /* UIKit.framework in Frameworks */,
				3253446E183936F70031E1C1 /* Foundation.framework in Frameworks */,
			);
			runOnlyForDeploymentPostprocessing = 0;
		};
		3253448B183936F80031E1C1 /* Frameworks */ = {
			isa = PBXFrameworksBuildPhase;
			buildActionMask = 2147483647;
			files = (
				32534490183936F80031E1C1 /* XCTest.framework in Frameworks */,
				32534492183936F80031E1C1 /* UIKit.framework in Frameworks */,
				32534491183936F80031E1C1 /* Foundation.framework in Frameworks */,
			);
			runOnlyForDeploymentPostprocessing = 0;
		};
/* End PBXFrameworksBuildPhase section */

/* Begin PBXGroup section */
		32534461183936F70031E1C1 = {
			isa = PBXGroup;
			children = (
				32534473183936F80031E1C1 /* MobileMessages */,
				32534495183936F80031E1C1 /* MobileMessagesTests */,
				3253446C183936F70031E1C1 /* Frameworks */,
				3253446B183936F70031E1C1 /* Products */,
			);
			sourceTree = "<group>";
		};
		3253446B183936F70031E1C1 /* Products */ = {
			isa = PBXGroup;
			children = (
				3253446A183936F70031E1C1 /* MobileMessages.app */,
				3253448E183936F80031E1C1 /* MobileMessagesTests.xctest */,
			);
			name = Products;
			sourceTree = "<group>";
		};
		3253446C183936F70031E1C1 /* Frameworks */ = {
			isa = PBXGroup;
			children = (
				3253446D183936F70031E1C1 /* Foundation.framework */,
				3253446F183936F70031E1C1 /* CoreGraphics.framework */,
				32534471183936F80031E1C1 /* UIKit.framework */,
				3253448F183936F80031E1C1 /* XCTest.framework */,
			);
			name = Frameworks;
			sourceTree = "<group>";
		};
		32534473183936F80031E1C1 /* MobileMessages */ = {
			isa = PBXGroup;
			children = (
				3253447C183936F80031E1C1 /* MMAppDelegate.h */,
				3253447D183936F80031E1C1 /* MMAppDelegate.m */,
				3253447F183936F80031E1C1 /* Main.storyboard */,
				32534482183936F80031E1C1 /* MMFirstViewController.h */,
				32534483183936F80031E1C1 /* MMFirstViewController.m */,
				32534485183936F80031E1C1 /* MMSecondViewController.h */,
				32534486183936F80031E1C1 /* MMSecondViewController.m */,
				32534488183936F80031E1C1 /* Images.xcassets */,
				32534474183936F80031E1C1 /* Supporting Files */,
			);
			path = MobileMessages;
			sourceTree = "<group>";
		};
		32534474183936F80031E1C1 /* Supporting Files */ = {
			isa = PBXGroup;
			children = (
				32534475183936F80031E1C1 /* MobileMessages-Info.plist */,
				32534476183936F80031E1C1 /* InfoPlist.strings */,
				32534479183936F80031E1C1 /* main.m */,
				3253447B183936F80031E1C1 /* MobileMessages-Prefix.pch */,
			);
			name = "Supporting Files";
			sourceTree = "<group>";
		};
		32534495183936F80031E1C1 /* MobileMessagesTests */ = {
			isa = PBXGroup;
			children = (
				3253449B183936F80031E1C1 /* MobileMessagesTests.m */,
				32534496183936F80031E1C1 /* Supporting Files */,
			);
			path = MobileMessagesTests;
			sourceTree = "<group>";
		};
		32534496183936F80031E1C1 /* Supporting Files */ = {
			isa = PBXGroup;
			children = (
				32534497183936F80031E1C1 /* MobileMessagesTests-Info.plist */,
				32534498183936F80031E1C1 /* InfoPlist.strings */,
			);
			name = "Supporting Files";
			sourceTree = "<group>";
		};
/* End PBXGroup section */

/* Begin PBXNativeTarget section */
		32534469183936F70031E1C1 /* MobileMessages */ = {
			isa = PBXNativeTarget;
			buildConfigurationList = 3253449F183936F80031E1C1 /* Build configuration list for PBXNativeTarget "MobileMessages" */;
			buildPhases = (
				32534466183936F70031E1C1 /* Sources */,
				32534467183936F70031E1C1 /* Frameworks */,
				32534468183936F70031E1C1 /* Resources */,
			);
			buildRules = (
			);
			dependencies = (
			);
			name = MobileMessages;
			productName = MobileMessages;
			productReference = 3253446A183936F70031E1C1 /* MobileMessages.app */;
			productType = "com.apple.product-type.application";
		};
		3253448D183936F80031E1C1 /* MobileMessagesTests */ = {
			isa = PBXNativeTarget;
			buildConfigurationList = 325344A2183936F80031E1C1 /* Build configuration list for PBXNativeTarget "MobileMessagesTests" */;
			buildPhases = (
				3253448A183936F80031E1C1 /* Sources */,
				3253448B183936F80031E1C1 /* Frameworks */,
				3253448C183936F80031E1C1 /* Resources */,
			);
			buildRules = (
			);
			dependencies = (
				32534494183936F80031E1C1 /* PBXTargetDependency */,
			);
			name = MobileMessagesTests;
			productName = MobileMessagesTests;
			productReference = 3253448E183936F80031E1C1 /* MobileMessagesTests.xctest */;
			productType = "com.apple.product-type.bundle.unit-test";
		};
/* End PBXNativeTarget section */

/* Begin PBXProject section */
		32534462183936F70031E1C1 /* Project object */ = {
			isa = PBXProject;
			attributes = {
				CLASSPREFIX = MM;
				LastUpgradeCheck = 0500;
				ORGANIZATIONNAME = "AJ Jenkins";
				TargetAttributes = {
					3253448D183936F80031E1C1 = {
						TestTargetID = 32534469183936F70031E1C1;
					};
				};
			};
			buildConfigurationList = 32534465183936F70031E1C1 /* Build configuration list for PBXProject "MobileMessages" */;
			compatibilityVersion = "Xcode 3.2";
			developmentRegion = English;
			hasScannedForEncodings = 0;
			knownRegions = (
				en,
				Base,
			);
			mainGroup = 32534461183936F70031E1C1;
			productRefGroup = 3253446B183936F70031E1C1 /* Products */;
			projectDirPath = "";
			projectRoot = "";
			targets = (
				32534469183936F70031E1C1 /* MobileMessages */,
				3253448D183936F80031E1C1 /* MobileMessagesTests */,
			);
		};
/* End PBXProject section */

/* Begin PBXResourcesBuildPhase section */
		32534468183936F70031E1C1 /* Resources */ = {
			isa = PBXResourcesBuildPhase;
			buildActionMask = 2147483647;
			files = (
				32534489183936F80031E1C1 /* Images.xcassets in Resources */,
				32534478183936F80031E1C1 /* InfoPlist.strings in Resources */,
				32534481183936F80031E1C1 /* Main.storyboard in Resources */,
			);
			runOnlyForDeploymentPostprocessing = 0;
		};
		3253448C183936F80031E1C1 /* Resources */ = {
			isa = PBXResourcesBuildPhase;
			buildActionMask = 2147483647;
			files = (
				3253449A183936F80031E1C1 /* InfoPlist.strings in Resources */,
			);
			runOnlyForDeploymentPostprocessing = 0;
		};
/* End PBXResourcesBuildPhase section */

/* Begin PBXSourcesBuildPhase section */
		32534466183936F70031E1C1 /* Sources */ = {
			isa = PBXSourcesBuildPhase;
			buildActionMask = 2147483647;
			files = (
				32534487183936F80031E1C1 /* MMSecondViewController.m in Sources */,
				3253447E183936F80031E1C1 /* MMAppDelegate.m in Sources */,
				3253447A183936F80031E1C1 /* main.m in Sources */,
				32534484183936F80031E1C1 /* MMFirstViewController.m in Sources */,
			);
			runOnlyForDeploymentPostprocessing = 0;
		};
		3253448A183936F80031E1C1 /* Sources */ = {
			isa = PBXSourcesBuildPhase;
			buildActionMask = 2147483647;
			files = (
				3253449C183936F80031E1C1 /* MobileMessagesTests.m in Sources */,
			);
			runOnlyForDeploymentPostprocessing = 0;
		};
/* End PBXSourcesBuildPhase section */

/* Begin PBXTargetDependency section */
		32534494183936F80031E1C1 /* PBXTargetDependency */ = {
			isa = PBXTargetDependency;
			target = 32534469183936F70031E1C1 /* MobileMessages */;
			targetProxy = 32534493183936F80031E1C1 /* PBXContainerItemProxy */;
		};
/* End PBXTargetDependency section */

/* Begin PBXVariantGroup section */
		32534476183936F80031E1C1 /* InfoPlist.strings */ = {
			isa = PBXVariantGroup;
			children = (
				32534477183936F80031E1C1 /* en */,
			);
			name = InfoPlist.strings;
			sourceTree = "<group>";
		};
		3253447F183936F80031E1C1 /* Main.storyboard */ = {
			isa = PBXVariantGroup;
			children = (
				32534480183936F80031E1C1 /* Base */,
			);
			name = Main.storyboard;
			sourceTree = "<group>";
		};
		32534498183936F80031E1C1 /* InfoPlist.strings */ = {
			isa = PBXVariantGroup;
			children = (
				32534499183936F80031E1C1 /* en */,
			);
			name = InfoPlist.strings;
			sourceTree = "<group>";
		};
/* End PBXVariantGroup section */

/* Begin XCBuildConfiguration section */
		3253449D183936F80031E1C1 /* Debug */ = {
			isa = XCBuildConfiguration;
			buildSettings = {
				ALWAYS_SEARCH_USER_PATHS = NO;
				ARCHS = "$(ARCHS_STANDARD_INCLUDING_64_BIT)";
				CLANG_CXX_LANGUAGE_STANDARD = "gnu++0x";
				CLANG_CXX_LIBRARY = "libc++";
				CLANG_ENABLE_MODULES = YES;
				CLANG_ENABLE_OBJC_ARC = YES;
				CLANG_WARN_BOOL_CONVERSION = YES;
				CLANG_WARN_CONSTANT_CONVERSION = YES;
				CLANG_WARN_DIRECT_OBJC_ISA_USAGE = YES_ERROR;
				CLANG_WARN_EMPTY_BODY = YES;
				CLANG_WARN_ENUM_CONVERSION = YES;
				CLANG_WARN_INT_CONVERSION = YES;
				CLANG_WARN_OBJC_ROOT_CLASS = YES_ERROR;
				CLANG_WARN__DUPLICATE_METHOD_MATCH = YES;
				"CODE_SIGN_IDENTITY[sdk=iphoneos*]" = "iPhone Developer";
				COPY_PHASE_STRIP = NO;
				GCC_C_LANGUAGE_STANDARD = gnu99;
				GCC_DYNAMIC_NO_PIC = NO;
				GCC_OPTIMIZATION_LEVEL = 0;
				GCC_PREPROCESSOR_DEFINITIONS = (
					"DEBUG=1",
					"$(inherited)",
				);
				GCC_SYMBOLS_PRIVATE_EXTERN = NO;
				GCC_WARN_64_TO_32_BIT_CONVERSION = YES;
				GCC_WARN_ABOUT_RETURN_TYPE = YES_ERROR;
				GCC_WARN_UNDECLARED_SELECTOR = YES;
				GCC_WARN_UNINITIALIZED_AUTOS = YES;
				GCC_WARN_UNUSED_FUNCTION = YES;
				GCC_WARN_UNUSED_VARIABLE = YES;
				IPHONEOS_DEPLOYMENT_TARGET = 7.0;
				ONLY_ACTIVE_ARCH = YES;
				SDKROOT = iphoneos;
			};
			name = Debug;
		};
		3253449E183936F80031E1C1 /* Release */ = {
			isa = XCBuildConfiguration;
			buildSettings = {
				ALWAYS_SEARCH_USER_PATHS = NO;
				ARCHS = "$(ARCHS_STANDARD_INCLUDING_64_BIT)";
				CLANG_CXX_LANGUAGE_STANDARD = "gnu++0x";
				CLANG_CXX_LIBRARY = "libc++";
				CLANG_ENABLE_MODULES = YES;
				CLANG_ENABLE_OBJC_ARC = YES;
				CLANG_WARN_BOOL_CONVERSION = YES;
				CLANG_WARN_CONSTANT_CONVERSION = YES;
				CLANG_WARN_DIRECT_OBJC_ISA_USAGE = YES_ERROR;
				CLANG_WARN_EMPTY_BODY = YES;
				CLANG_WARN_ENUM_CONVERSION = YES;
				CLANG_WARN_INT_CONVERSION = YES;
				CLANG_WARN_OBJC_ROOT_CLASS = YES_ERROR;
				CLANG_WARN__DUPLICATE_METHOD_MATCH = YES;
				"CODE_SIGN_IDENTITY[sdk=iphoneos*]" = "iPhone Developer";
				COPY_PHASE_STRIP = YES;
				ENABLE_NS_ASSERTIONS = NO;
				GCC_C_LANGUAGE_STANDARD = gnu99;
				GCC_WARN_64_TO_32_BIT_CONVERSION = YES;
				GCC_WARN_ABOUT_RETURN_TYPE = YES_ERROR;
				GCC_WARN_UNDECLARED_SELECTOR = YES;
				GCC_WARN_UNINITIALIZED_AUTOS = YES;
				GCC_WARN_UNUSED_FUNCTION = YES;
				GCC_WARN_UNUSED_VARIABLE = YES;
				IPHONEOS_DEPLOYMENT_TARGET = 7.0;
				SDKROOT = iphoneos;
				VALIDATE_PRODUCT = YES;
			};
			name = Release;
		};
		325344A0183936F80031E1C1 /* Debug */ = {
			isa = XCBuildConfiguration;
			buildSettings = {
				ASSETCATALOG_COMPILER_APPICON_NAME = AppIcon;
				ASSETCATALOG_COMPILER_LAUNCHIMAGE_NAME = LaunchImage;
				GCC_PRECOMPILE_PREFIX_HEADER = YES;
				GCC_PREFIX_HEADER = "MobileMessages/MobileMessages-Prefix.pch";
				INFOPLIST_FILE = "MobileMessages/MobileMessages-Info.plist";
				PRODUCT_NAME = "$(TARGET_NAME)";
				WRAPPER_EXTENSION = app;
			};
			name = Debug;
		};
		325344A1183936F80031E1C1 /* Release */ = {
			isa = XCBuildConfiguration;
			buildSettings = {
				ASSETCATALOG_COMPILER_APPICON_NAME = AppIcon;
				ASSETCATALOG_COMPILER_LAUNCHIMAGE_NAME = LaunchImage;
				GCC_PRECOMPILE_PREFIX_HEADER = YES;
				GCC_PREFIX_HEADER = "MobileMessages/MobileMessages-Prefix.pch";
				INFOPLIST_FILE = "MobileMessages/MobileMessages-Info.plist";
				PRODUCT_NAME = "$(TARGET_NAME)";
				WRAPPER_EXTENSION = app;
			};
			name = Release;
		};
		325344A3183936F80031E1C1 /* Debug */ = {
			isa = XCBuildConfiguration;
			buildSettings = {
				ARCHS = "$(ARCHS_STANDARD_INCLUDING_64_BIT)";
				BUNDLE_LOADER = "$(BUILT_PRODUCTS_DIR)/MobileMessages.app/MobileMessages";
				FRAMEWORK_SEARCH_PATHS = (
					"$(SDKROOT)/Developer/Library/Frameworks",
					"$(inherited)",
					"$(DEVELOPER_FRAMEWORKS_DIR)",
				);
				GCC_PRECOMPILE_PREFIX_HEADER = YES;
				GCC_PREFIX_HEADER = "MobileMessages/MobileMessages-Prefix.pch";
				GCC_PREPROCESSOR_DEFINITIONS = (
					"DEBUG=1",
					"$(inherited)",
				);
				INFOPLIST_FILE = "MobileMessagesTests/MobileMessagesTests-Info.plist";
				PRODUCT_NAME = "$(TARGET_NAME)";
				TEST_HOST = "$(BUNDLE_LOADER)";
				WRAPPER_EXTENSION = xctest;
			};
			name = Debug;
		};
		325344A4183936F80031E1C1 /* Release */ = {
			isa = XCBuildConfiguration;
			buildSettings = {
				ARCHS = "$(ARCHS_STANDARD_INCLUDING_64_BIT)";
				BUNDLE_LOADER = "$(BUILT_PRODUCTS_DIR)/MobileMessages.app/MobileMessages";
				FRAMEWORK_SEARCH_PATHS = (
					"$(SDKROOT)/Developer/Library/Frameworks",
					"$(inherited)",
					"$(DEVELOPER_FRAMEWORKS_DIR)",
				);
				GCC_PRECOMPILE_PREFIX_HEADER = YES;
				GCC_PREFIX_HEADER = "MobileMessages/MobileMessages-Prefix.pch";
				INFOPLIST_FILE = "MobileMessagesTests/MobileMessagesTests-Info.plist";
				PRODUCT_NAME = "$(TARGET_NAME)";
				TEST_HOST = "$(BUNDLE_LOADER)";
				WRAPPER_EXTENSION = xctest;
			};
			name = Release;
		};
/* End XCBuildConfiguration section */

/* Begin XCConfigurationList section */
		32534465183936F70031E1C1 /* Build configuration list for PBXProject "MobileMessages" */ = {
			isa = XCConfigurationList;
			buildConfigurations = (
				3253449D183936F80031E1C1 /* Debug */,
				3253449E183936F80031E1C1 /* Release */,
			);
			defaultConfigurationIsVisible = 0;
			defaultConfigurationName = Release;
		};
		3253449F183936F80031E1C1 /* Build configuration list for PBXNativeTarget "MobileMessages" */ = {
			isa = XCConfigurationList;
			buildConfigurations = (
				325344A0183936F80031E1C1 /* Debug */,
				325344A1183936F80031E1C1 /* Release */,
			);
			defaultConfigurationIsVisible = 0;
		};
		325344A2183936F80031E1C1 /* Build configuration list for PBXNativeTarget "MobileMessagesTests" */ = {
			isa = XCConfigurationList;
			buildConfigurations = (
				325344A3183936F80031E1C1 /* Debug */,
				325344A4183936F80031E1C1 /* Release */,
			);
			defaultConfigurationIsVisible = 0;
		};
/* End XCConfigurationList section */
	};
	rootObject = 32534462183936F70031E1C1 /* Project object */;
}
